version = 1
revision = 3
requires-python = ">=3.12"

[[package]]
name = "colorama"
version = "0.4.6"
source = { registry = "https://pypi.org/simple" }
sdist = { url = "https://files.pythonhosted.org/packages/d8/53/6f443c9a4a8358a93a6792e2acffb9d9d5cb0a5cfd8802644b7b1c9a02e4/colorama-0.4.6.tar.gz", hash = "sha256:08695f5cb7ed6e0531a20572697297273c47b8cae5a63ffc6d6ed5c201be6e44", size = 27697, upload-time = "2022-10-25T02:36:22.414Z" }
wheels = [
    { url = "https://files.pythonhosted.org/packages/d1/d6/3965ed04c63042e047cb6a3e6ed1a63a35087b6a609aa3a15ed8ac56c221/colorama-0.4.6-py2.py3-none-any.whl", hash = "sha256:4f1d9991f5acc0ca119f9d443620b77f9d6b33703e51011c16baf57afb285fc6", size = 25335, upload-time = "2022-10-25T02:36:20.889Z" },
]

[[package]]
name = "josie"
version = "0.1.0"
source = { virtual = "." }
dependencies = [
    { name = "mmh3" },
    { name = "numpy" },
    { name = "psycopg" },
    { name = "pyspark" },
    { name = "tqdm" },
]

[package.metadata]
requires-dist = [
    { name = "mmh3", specifier = ">=5.2.0" },
    { name = "numpy", specifier = ">=2.3.5" },
    { name = "psycopg", specifier = ">=3.3.2" },
    { name = "pyspark", specifier = ">=4.1.0" },
    { name = "tqdm", specifier = ">=4.67.1" },
]

[[package]]
name = "mmh3"
version = "5.2.0"
source = { registry = "https://pypi.org/simple" }
sdist = { url = "https://files.pythonhosted.org/packages/a7/af/f28c2c2f51f31abb4725f9a64bc7863d5f491f6539bd26aee2a1d21a649e/mmh3-5.2.0.tar.gz", hash = "sha256:1efc8fec8478e9243a78bb993422cf79f8ff85cb4cf6b79647480a31e0d950a8", size = 33582, upload-time = "2025-07-29T07:43:48.49Z" }
wheels = [
    { url = "https://files.pythonhosted.org/packages/bf/6a/d5aa7edb5c08e0bd24286c7d08341a0446f9a2fbbb97d96a8a6dd81935ee/mmh3-5.2.0-cp312-cp312-macosx_10_13_universal2.whl", hash = "sha256:384eda9361a7bf83a85e09447e1feafe081034af9dd428893701b959230d84be", size = 56141, upload-time = "2025-07-29T07:42:13.456Z" },
    { url = "https://files.pythonhosted.org/packages/08/49/131d0fae6447bc4a7299ebdb1a6fb9d08c9f8dcf97d75ea93e8152ddf7ab/mmh3-5.2.0-cp312-cp312-macosx_10_13_x86_64.whl", hash = "sha256:2c9da0d568569cc87315cb063486d761e38458b8ad513fedd3dc9263e1b81bcd", size = 40681, upload-time = "2025-07-29T07:42:14.306Z" },
    { url = "https://files.pythonhosted.org/packages/8f/6f/9221445a6bcc962b7f5ff3ba18ad55bba624bacdc7aa3fc0a518db7da8ec/mmh3-5.2.0-cp312-cp312-macosx_11_0_arm64.whl", hash = "sha256:86d1be5d63232e6eb93c50881aea55ff06eb86d8e08f9b5417c8c9b10db9db96", size = 40062, upload-time = "2025-07-29T07:42:15.08Z" },
    { url = "https://files.pythonhosted.org/packages/1e/d4/6bb2d0fef81401e0bb4c297d1eb568b767de4ce6fc00890bc14d7b51ecc4/mmh3-5.2.0-cp312-cp312-manylinux1_i686.manylinux_2_28_i686.manylinux_2_5_i686.whl", hash = "sha256:bf7bee43e17e81671c447e9c83499f53d99bf440bc6d9dc26a841e21acfbe094", size = 97333, upload-time = "2025-07-29T07:42:16.436Z" },
    { url = "https://files.pythonhosted.org/packages/44/e0/ccf0daff8134efbb4fbc10a945ab53302e358c4b016ada9bf97a6bdd50c1/mmh3-5.2.0-cp312-cp312-manylinux1_x86_64.manylinux_2_28_x86_64.manylinux_2_5_x86_64.whl", hash = "sha256:7aa18cdb58983ee660c9c400b46272e14fa253c675ed963d3812487f8ca42037", size = 103310, upload-time = "2025-07-29T07:42:17.796Z" },
    { url = "https://files.pythonhosted.org/packages/02/63/1965cb08a46533faca0e420e06aff8bbaf9690a6f0ac6ae6e5b2e4544687/mmh3-5.2.0-cp312-cp312-manylinux2014_aarch64.manylinux_2_17_aarch64.manylinux_2_28_aarch64.whl", hash = "sha256:ae9d032488fcec32d22be6542d1a836f00247f40f320844dbb361393b5b22773", size = 106178, upload-time = "2025-07-29T07:42:19.281Z" },
    { url = "https://files.pythonhosted.org/packages/c2/41/c883ad8e2c234013f27f92061200afc11554ea55edd1bcf5e1accd803a85/mmh3-5.2.0-cp312-cp312-manylinux2014_ppc64le.manylinux_2_17_ppc64le.manylinux_2_28_ppc64le.whl", hash = "sha256:e1861fb6b1d0453ed7293200139c0a9011eeb1376632e048e3766945b13313c5", size = 113035, upload-time = "2025-07-29T07:42:20.356Z" },
    { url = "https://files.pythonhosted.org/packages/df/b5/1ccade8b1fa625d634a18bab7bf08a87457e09d5ec8cf83ca07cbea9d400/mmh3-5.2.0-cp312-cp312-manylinux2014_s390x.manylinux_2_17_s390x.manylinux_2_28_s390x.whl", hash = "sha256:99bb6a4d809aa4e528ddfe2c85dd5239b78b9dd14be62cca0329db78505e7b50", size = 120784, upload-time = "2025-07-29T07:42:21.377Z" },
    { url = "https://files.pythonhosted.org/packages/77/1c/919d9171fcbdcdab242e06394464ccf546f7d0f3b31e0d1e3a630398782e/mmh3-5.2.0-cp312-cp312-musllinux_1_2_aarch64.whl", hash = "sha256:1f8d8b627799f4e2fcc7c034fed8f5f24dc7724ff52f69838a3d6d15f1ad4765", size = 99137, upload-time = "2025-07-29T07:42:22.344Z" },
    { url = "https://files.pythonhosted.org/packages/66/8a/1eebef5bd6633d36281d9fc83cf2e9ba1ba0e1a77dff92aacab83001cee4/mmh3-5.2.0-cp312-cp312-musllinux_1_2_i686.whl", hash = "sha256:b5995088dd7023d2d9f310a0c67de5a2b2e06a570ecfd00f9ff4ab94a67cde43", size = 98664, upload-time = "2025-07-29T07:42:23.269Z" },
    { url = "https://files.pythonhosted.org/packages/13/41/a5d981563e2ee682b21fb65e29cc0f517a6734a02b581359edd67f9d0360/mmh3-5.2.0-cp312-cp312-musllinux_1_2_ppc64le.whl", hash = "sha256:1a5f4d2e59d6bba8ef01b013c472741835ad961e7c28f50c82b27c57748744a4", size = 106459, upload-time = "2025-07-29T07:42:24.238Z" },
    { url = "https://files.pythonhosted.org/packages/24/31/342494cd6ab792d81e083680875a2c50fa0c5df475ebf0b67784f13e4647/mmh3-5.2.0-cp312-cp312-musllinux_1_2_s390x.whl", hash = "sha256:fd6e6c3d90660d085f7e73710eab6f5545d4854b81b0135a3526e797009dbda3", size = 110038, upload-time = "2025-07-29T07:42:25.629Z" },
    { url = "https://files.pythonhosted.org/packages/28/44/efda282170a46bb4f19c3e2b90536513b1d821c414c28469a227ca5a1789/mmh3-5.2.0-cp312-cp312-musllinux_1_2_x86_64.whl", hash = "sha256:c4a2f3d83879e3de2eb8cbf562e71563a8ed15ee9b9c2e77ca5d9f73072ac15c", size = 97545, upload-time = "2025-07-29T07:42:27.04Z" },
    { url = "https://files.pythonhosted.org/packages/68/8f/534ae319c6e05d714f437e7206f78c17e66daca88164dff70286b0e8ea0c/mmh3-5.2.0-cp312-cp312-win32.whl", hash = "sha256:2421b9d665a0b1ad724ec7332fb5a98d075f50bc51a6ff854f3a1882bd650d49", size = 40805, upload-time = "2025-07-29T07:42:28.032Z" },
    { url = "https://files.pythonhosted.org/packages/b8/f6/f6abdcfefcedab3c964868048cfe472764ed358c2bf6819a70dd4ed4ed3a/mmh3-5.2.0-cp312-cp312-win_amd64.whl", hash = "sha256:72d80005b7634a3a2220f81fbeb94775ebd12794623bb2e1451701ea732b4aa3", size = 41597, upload-time = "2025-07-29T07:42:28.894Z" },
    { url = "https://files.pythonhosted.org/packages/15/fd/f7420e8cbce45c259c770cac5718badf907b302d3a99ec587ba5ce030237/mmh3-5.2.0-cp312-cp312-win_arm64.whl", hash = "sha256:3d6bfd9662a20c054bc216f861fa330c2dac7c81e7fb8307b5e32ab5b9b4d2e0", size = 39350, upload-time = "2025-07-29T07:42:29.794Z" },
    { url = "https://files.pythonhosted.org/packages/d8/fa/27f6ab93995ef6ad9f940e96593c5dd24744d61a7389532b0fec03745607/mmh3-5.2.0-cp313-cp313-android_21_arm64_v8a.whl", hash = "sha256:e79c00eba78f7258e5b354eccd4d7907d60317ced924ea4a5f2e9d83f5453065", size = 40874, upload-time = "2025-07-29T07:42:30.662Z" },
    { url = "https://files.pythonhosted.org/packages/11/9c/03d13bcb6a03438bc8cac3d2e50f80908d159b31a4367c2e1a7a077ded32/mmh3-5.2.0-cp313-cp313-android_21_x86_64.whl", hash = "sha256:956127e663d05edbeec54df38885d943dfa27406594c411139690485128525de", size = 42012, upload-time = "2025-07-29T07:42:31.539Z" },
    { url = "https://files.pythonhosted.org/packages/4e/78/0865d9765408a7d504f1789944e678f74e0888b96a766d578cb80b040999/mmh3-5.2.0-cp313-cp313-ios_13_0_arm64_iphoneos.whl", hash = "sha256:c3dca4cb5b946ee91b3d6bb700d137b1cd85c20827f89fdf9c16258253489044", size = 39197, upload-time = "2025-07-29T07:42:32.374Z" },
    { url = "https://files.pythonhosted.org/packages/3e/12/76c3207bd186f98b908b6706c2317abb73756d23a4e68ea2bc94825b9015/mmh3-5.2.0-cp313-cp313-ios_13_0_arm64_iphonesimulator.whl", hash = "sha256:e651e17bfde5840e9e4174b01e9e080ce49277b70d424308b36a7969d0d1af73", size = 39840, upload-time = "2025-07-29T07:42:33.227Z" },
    { url = "https://files.pythonhosted.org/packages/5d/0d/574b6cce5555c9f2b31ea189ad44986755eb14e8862db28c8b834b8b64dc/mmh3-5.2.0-cp313-cp313-ios_13_0_x86_64_iphonesimulator.whl", hash = "sha256:9f64bf06f4bf623325fda3a6d02d36cd69199b9ace99b04bb2d7fd9f89688504", size = 40644, upload-time = "2025-07-29T07:42:34.099Z" },
    { url = "https://files.pythonhosted.org/packages/52/82/3731f8640b79c46707f53ed72034a58baad400be908c87b0088f1f89f986/mmh3-5.2.0-cp313-cp313-macosx_10_13_universal2.whl", hash = "sha256:ddc63328889bcaee77b743309e5c7d2d52cee0d7d577837c91b6e7cc9e755e0b", size = 56153, upload-time = "2025-07-29T07:42:35.031Z" },
    { url = "https://files.pythonhosted.org/packages/4f/34/e02dca1d4727fd9fdeaff9e2ad6983e1552804ce1d92cc796e5b052159bb/mmh3-5.2.0-cp313-cp313-macosx_10_13_x86_64.whl", hash = "sha256:bb0fdc451fb6d86d81ab8f23d881b8d6e37fc373a2deae1c02d27002d2ad7a05", size = 40684, upload-time = "2025-07-29T07:42:35.914Z" },
    { url = "https://files.pythonhosted.org/packages/8f/36/3dee40767356e104967e6ed6d102ba47b0b1ce2a89432239b95a94de1b89/mmh3-5.2.0-cp313-cp313-macosx_11_0_arm64.whl", hash = "sha256:b29044e1ffdb84fe164d0a7ea05c7316afea93c00f8ed9449cf357c36fc4f814", size = 40057, upload-time = "2025-07-29T07:42:36.755Z" },
    { url = "https://files.pythonhosted.org/packages/31/58/228c402fccf76eb39a0a01b8fc470fecf21965584e66453b477050ee0e99/mmh3-5.2.0-cp313-cp313-manylinux1_i686.manylinux_2_28_i686.manylinux_2_5_i686.whl", hash = "sha256:58981d6ea9646dbbf9e59a30890cbf9f610df0e4a57dbfe09215116fd90b0093", size = 97344, upload-time = "2025-07-29T07:42:37.675Z" },
    { url = "https://files.pythonhosted.org/packages/34/82/fc5ce89006389a6426ef28e326fc065b0fbaaed230373b62d14c889f47ea/mmh3-5.2.0-cp313-cp313-manylinux1_x86_64.manylinux_2_28_x86_64.manylinux_2_5_x86_64.whl", hash = "sha256:7e5634565367b6d98dc4aa2983703526ef556b3688ba3065edb4b9b90ede1c54", size = 103325, upload-time = "2025-07-29T07:42:38.591Z" },
    { url = "https://files.pythonhosted.org/packages/09/8c/261e85777c6aee1ebd53f2f17e210e7481d5b0846cd0b4a5c45f1e3761b8/mmh3-5.2.0-cp313-cp313-manylinux2014_aarch64.manylinux_2_17_aarch64.manylinux_2_28_aarch64.whl", hash = "sha256:b0271ac12415afd3171ab9a3c7cbfc71dee2c68760a7dc9d05bf8ed6ddfa3a7a", size = 106240, upload-time = "2025-07-29T07:42:39.563Z" },
    { url = "https://files.pythonhosted.org/packages/70/73/2f76b3ad8a3d431824e9934403df36c0ddacc7831acf82114bce3c4309c8/mmh3-5.2.0-cp313-cp313-manylinux2014_ppc64le.manylinux_2_17_ppc64le.manylinux_2_28_ppc64le.whl", hash = "sha256:45b590e31bc552c6f8e2150ff1ad0c28dd151e9f87589e7eaf508fbdd8e8e908", size = 113060, upload-time = "2025-07-29T07:42:40.585Z" },
    { url = "https://files.pythonhosted.org/packages/9f/b9/7ea61a34e90e50a79a9d87aa1c0b8139a7eaf4125782b34b7d7383472633/mmh3-5.2.0-cp313-cp313-manylinux2014_s390x.manylinux_2_17_s390x.manylinux_2_28_s390x.whl", hash = "sha256:bdde97310d59604f2a9119322f61b31546748499a21b44f6715e8ced9308a6c5", size = 120781, upload-time = "2025-07-29T07:42:41.618Z" },
    { url = "https://files.pythonhosted.org/packages/0f/5b/ae1a717db98c7894a37aeedbd94b3f99e6472a836488f36b6849d003485b/mmh3-5.2.0-cp313-cp313-musllinux_1_2_aarch64.whl", hash = "sha256:fc9c5f280438cf1c1a8f9abb87dc8ce9630a964120cfb5dd50d1e7ce79690c7a", size = 99174, upload-time = "2025-07-29T07:42:42.587Z" },
    { url = "https://files.pythonhosted.org/packages/e3/de/000cce1d799fceebb6d4487ae29175dd8e81b48e314cba7b4da90bcf55d7/mmh3-5.2.0-cp313-cp313-musllinux_1_2_i686.whl", hash = "sha256:c903e71fd8debb35ad2a4184c1316b3cb22f64ce517b4e6747f25b0a34e41266", size = 98734, upload-time = "2025-07-29T07:42:43.996Z" },
    { url = "https://files.pythonhosted.org/packages/79/19/0dc364391a792b72fbb22becfdeacc5add85cc043cd16986e82152141883/mmh3-5.2.0-cp313-cp313-musllinux_1_2_ppc64le.whl", hash = "sha256:eed4bba7ff8a0d37106ba931ab03bdd3915fbb025bcf4e1f0aa02bc8114960c5", size = 106493, upload-time = "2025-07-29T07:42:45.07Z" },
    { url = "https://files.pythonhosted.org/packages/3c/b1/bc8c28e4d6e807bbb051fefe78e1156d7f104b89948742ad310612ce240d/mmh3-5.2.0-cp313-cp313-musllinux_1_2_s390x.whl", hash = "sha256:1fdb36b940e9261aff0b5177c5b74a36936b902f473180f6c15bde26143681a9", size = 110089, upload-time = "2025-07-29T07:42:46.122Z" },
    { url = "https://files.pythonhosted.org/packages/3b/a2/d20f3f5c95e9c511806686c70d0a15479cc3941c5f322061697af1c1ff70/mmh3-5.2.0-cp313-cp313-musllinux_1_2_x86_64.whl", hash = "sha256:7303aab41e97adcf010a09efd8f1403e719e59b7705d5e3cfed3dd7571589290", size = 97571, upload-time = "2025-07-29T07:42:47.18Z" },
    { url = "https://files.pythonhosted.org/packages/7b/23/665296fce4f33488deec39a750ffd245cfc07aafb0e3ef37835f91775d14/mmh3-5.2.0-cp313-cp313-win32.whl", hash = "sha256:03e08c6ebaf666ec1e3d6ea657a2d363bb01effd1a9acfe41f9197decaef0051", size = 40806, upload-time = "2025-07-29T07:42:48.166Z" },
    { url = "https://files.pythonhosted.org/packages/59/b0/92e7103f3b20646e255b699e2d0327ce53a3f250e44367a99dc8be0b7c7a/mmh3-5.2.0-cp313-cp313-win_amd64.whl", hash = "sha256:7fddccd4113e7b736706e17a239a696332360cbaddf25ae75b57ba1acce65081", size = 41600, upload-time = "2025-07-29T07:42:49.371Z" },
    { url = "https://files.pythonhosted.org/packages/99/22/0b2bd679a84574647de538c5b07ccaa435dbccc37815067fe15b90fe8dad/mmh3-5.2.0-cp313-cp313-win_arm64.whl", hash = "sha256:fa0c966ee727aad5406d516375593c5f058c766b21236ab8985693934bb5085b", size = 39349, upload-time = "2025-07-29T07:42:50.268Z" },
    { url = "https://files.pythonhosted.org/packages/f7/ca/a20db059a8a47048aaf550da14a145b56e9c7386fb8280d3ce2962dcebf7/mmh3-5.2.0-cp314-cp314-ios_13_0_arm64_iphoneos.whl", hash = "sha256:e5015f0bb6eb50008bed2d4b1ce0f2a294698a926111e4bb202c0987b4f89078", size = 39209, upload-time = "2025-07-29T07:42:51.559Z" },
    { url = "https://files.pythonhosted.org/packages/98/dd/e5094799d55c7482d814b979a0fd608027d0af1b274bfb4c3ea3e950bfd5/mmh3-5.2.0-cp314-cp314-ios_13_0_arm64_iphonesimulator.whl", hash = "sha256:e0f3ed828d709f5b82d8bfe14f8856120718ec4bd44a5b26102c3030a1e12501", size = 39843, upload-time = "2025-07-29T07:42:52.536Z" },
    { url = "https://files.pythonhosted.org/packages/f4/6b/7844d7f832c85400e7cc89a1348e4e1fdd38c5a38415bb5726bbb8fcdb6c/mmh3-5.2.0-cp314-cp314-ios_13_0_x86_64_iphonesimulator.whl", hash = "sha256:f35727c5118aba95f0397e18a1a5b8405425581bfe53e821f0fb444cbdc2bc9b", size = 40648, upload-time = "2025-07-29T07:42:53.392Z" },
    { url = "https://files.pythonhosted.org/packages/1f/bf/71f791f48a21ff3190ba5225807cbe4f7223360e96862c376e6e3fb7efa7/mmh3-5.2.0-cp314-cp314-macosx_10_13_universal2.whl", hash = "sha256:3bc244802ccab5220008cb712ca1508cb6a12f0eb64ad62997156410579a1770", size = 56164, upload-time = "2025-07-29T07:42:54.267Z" },
    { url = "https://files.pythonhosted.org/packages/70/1f/f87e3d34d83032b4f3f0f528c6d95a98290fcacf019da61343a49dccfd51/mmh3-5.2.0-cp314-cp314-macosx_10_13_x86_64.whl", hash = "sha256:ff3d50dc3fe8a98059f99b445dfb62792b5d006c5e0b8f03c6de2813b8376110", size = 40692, upload-time = "2025-07-29T07:42:55.234Z" },
    { url = "https://files.pythonhosted.org/packages/a6/e2/db849eaed07117086f3452feca8c839d30d38b830ac59fe1ce65af8be5ad/mmh3-5.2.0-cp314-cp314-macosx_11_0_arm64.whl", hash = "sha256:37a358cc881fe796e099c1db6ce07ff757f088827b4e8467ac52b7a7ffdca647", size = 40068, upload-time = "2025-07-29T07:42:56.158Z" },
    { url = "https://files.pythonhosted.org/packages/df/6b/209af927207af77425b044e32f77f49105a0b05d82ff88af6971d8da4e19/mmh3-5.2.0-cp314-cp314-manylinux1_i686.manylinux_2_28_i686.manylinux_2_5_i686.whl", hash = "sha256:b9a87025121d1c448f24f27ff53a5fe7b6ef980574b4a4f11acaabe702420d63", size = 97367, upload-time = "2025-07-29T07:42:57.037Z" },
    { url = "https://files.pythonhosted.org/packages/ca/e0/78adf4104c425606a9ce33fb351f790c76a6c2314969c4a517d1ffc92196/mmh3-5.2.0-cp314-cp314-manylinux1_x86_64.manylinux_2_28_x86_64.manylinux_2_5_x86_64.whl", hash = "sha256:1ba55d6ca32eeef8b2625e1e4bfc3b3db52bc63014bd7e5df8cc11bf2b036b12", size = 103306, upload-time = "2025-07-29T07:42:58.522Z" },
    { url = "https://files.pythonhosted.org/packages/a3/79/c2b89f91b962658b890104745b1b6c9ce38d50a889f000b469b91eeb1b9e/mmh3-5.2.0-cp314-cp314-manylinux2014_aarch64.manylinux_2_17_aarch64.manylinux_2_28_aarch64.whl", hash = "sha256:c9ff37ba9f15637e424c2ab57a1a590c52897c845b768e4e0a4958084ec87f22", size = 106312, upload-time = "2025-07-29T07:42:59.552Z" },
    { url = "https://files.pythonhosted.org/packages/4b/14/659d4095528b1a209be90934778c5ffe312177d51e365ddcbca2cac2ec7c/mmh3-5.2.0-cp314-cp314-manylinux2014_ppc64le.manylinux_2_17_ppc64le.manylinux_2_28_ppc64le.whl", hash = "sha256:a094319ec0db52a04af9fdc391b4d39a1bc72bc8424b47c4411afb05413a44b5", size = 113135, upload-time = "2025-07-29T07:43:00.745Z" },
    { url = "https://files.pythonhosted.org/packages/8d/6f/cd7734a779389a8a467b5c89a48ff476d6f2576e78216a37551a97e9e42a/mmh3-5.2.0-cp314-cp314-manylinux2014_s390x.manylinux_2_17_s390x.manylinux_2_28_s390x.whl", hash = "sha256:c5584061fd3da584659b13587f26c6cad25a096246a481636d64375d0c1f6c07", size = 120775, upload-time = "2025-07-29T07:43:02.124Z" },
    { url = "https://files.pythonhosted.org/packages/1d/ca/8256e3b96944408940de3f9291d7e38a283b5761fe9614d4808fcf27bd62/mmh3-5.2.0-cp314-cp314-musllinux_1_2_aarch64.whl", hash = "sha256:ecbfc0437ddfdced5e7822d1ce4855c9c64f46819d0fdc4482c53f56c707b935", size = 99178, upload-time = "2025-07-29T07:43:03.182Z" },
    { url = "https://files.pythonhosted.org/packages/8a/32/39e2b3cf06b6e2eb042c984dab8680841ac2a0d3ca6e0bea30db1f27b565/mmh3-5.2.0-cp314-cp314-musllinux_1_2_i686.whl", hash = "sha256:7b986d506a8e8ea345791897ba5d8ba0d9d8820cd4fc3e52dbe6de19388de2e7", size = 98738, upload-time = "2025-07-29T07:43:04.207Z" },
    { url = "https://files.pythonhosted.org/packages/61/d3/7bbc8e0e8cf65ebbe1b893ffa0467b7ecd1bd07c3bbf6c9db4308ada22ec/mmh3-5.2.0-cp314-cp314-musllinux_1_2_ppc64le.whl", hash = "sha256:38d899a156549da8ef6a9f1d6f7ef231228d29f8f69bce2ee12f5fba6d6fd7c5", size = 106510, upload-time = "2025-07-29T07:43:05.656Z" },
    { url = "https://files.pythonhosted.org/packages/10/99/b97e53724b52374e2f3859046f0eb2425192da356cb19784d64bc17bb1cf/mmh3-5.2.0-cp314-cp314-musllinux_1_2_s390x.whl", hash = "sha256:d86651fa45799530885ba4dab3d21144486ed15285e8784181a0ab37a4552384", size = 110053, upload-time = "2025-07-29T07:43:07.204Z" },
    { url = "https://files.pythonhosted.org/packages/ac/62/3688c7d975ed195155671df68788c83fed6f7909b6ec4951724c6860cb97/mmh3-5.2.0-cp314-cp314-musllinux_1_2_x86_64.whl", hash = "sha256:c463d7c1c4cfc9d751efeaadd936bbba07b5b0ed81a012b3a9f5a12f0872bd6e", size = 97546, upload-time = "2025-07-29T07:43:08.226Z" },
    { url = "https://files.pythonhosted.org/packages/ca/3b/c6153250f03f71a8b7634cded82939546cdfba02e32f124ff51d52c6f991/mmh3-5.2.0-cp314-cp314-win32.whl", hash = "sha256:bb4fe46bdc6104fbc28db7a6bacb115ee6368ff993366bbd8a2a7f0076e6f0c0", size = 41422, upload-time = "2025-07-29T07:43:09.216Z" },
    { url = "https://files.pythonhosted.org/packages/74/01/a27d98bab083a435c4c07e9d1d720d4c8a578bf4c270bae373760b1022be/mmh3-5.2.0-cp314-cp314-win_amd64.whl", hash = "sha256:7c7f0b342fd06044bedd0b6e72177ddc0076f54fd89ee239447f8b271d919d9b", size = 42135, upload-time = "2025-07-29T07:43:10.183Z" },
    { url = "https://files.pythonhosted.org/packages/cb/c9/dbba5507e95429b8b380e2ba091eff5c20a70a59560934dff0ad8392b8c8/mmh3-5.2.0-cp314-cp314-win_arm64.whl", hash = "sha256:3193752fc05ea72366c2b63ff24b9a190f422e32d75fdeae71087c08fff26115", size = 39879, upload-time = "2025-07-29T07:43:11.106Z" },
    { url = "https://files.pythonhosted.org/packages/b5/d1/c8c0ef839c17258b9de41b84f663574fabcf8ac2007b7416575e0f65ff6e/mmh3-5.2.0-cp314-cp314t-macosx_10_13_universal2.whl", hash = "sha256:69fc339d7202bea69ef9bd7c39bfdf9fdabc8e6822a01eba62fb43233c1b3932", size = 57696, upload-time = "2025-07-29T07:43:11.989Z" },
    { url = "https://files.pythonhosted.org/packages/2f/55/95e2b9ff201e89f9fe37036037ab61a6c941942b25cdb7b6a9df9b931993/mmh3-5.2.0-cp314-cp314t-macosx_10_13_x86_64.whl", hash = "sha256:12da42c0a55c9d86ab566395324213c319c73ecb0c239fad4726324212b9441c", size = 41421, upload-time = "2025-07-29T07:43:13.269Z" },
    { url = "https://files.pythonhosted.org/packages/77/79/9be23ad0b7001a4b22752e7693be232428ecc0a35068a4ff5c2f14ef8b20/mmh3-5.2.0-cp314-cp314t-macosx_11_0_arm64.whl", hash = "sha256:f7f9034c7cf05ddfaac8d7a2e63a3c97a840d4615d0a0e65ba8bdf6f8576e3be", size = 40853, upload-time = "2025-07-29T07:43:14.888Z" },
    { url = "https://files.pythonhosted.org/packages/ac/1b/96b32058eda1c1dee8264900c37c359a7325c1f11f5ff14fd2be8e24eff9/mmh3-5.2.0-cp314-cp314t-manylinux1_i686.manylinux_2_28_i686.manylinux_2_5_i686.whl", hash = "sha256:11730eeb16dfcf9674fdea9bb6b8e6dd9b40813b7eb839bc35113649eef38aeb", size = 109694, upload-time = "2025-07-29T07:43:15.816Z" },
    { url = "https://files.pythonhosted.org/packages/8d/6f/a2ae44cd7dad697b6dea48390cbc977b1e5ca58fda09628cbcb2275af064/mmh3-5.2.0-cp314-cp314t-manylinux1_x86_64.manylinux_2_28_x86_64.manylinux_2_5_x86_64.whl", hash = "sha256:932a6eec1d2e2c3c9e630d10f7128d80e70e2d47fe6b8c7ea5e1afbd98733e65", size = 117438, upload-time = "2025-07-29T07:43:16.865Z" },
    { url = "https://files.pythonhosted.org/packages/a0/08/bfb75451c83f05224a28afeaf3950c7b793c0b71440d571f8e819cfb149a/mmh3-5.2.0-cp314-cp314t-manylinux2014_aarch64.manylinux_2_17_aarch64.manylinux_2_28_aarch64.whl", hash = "sha256:3ca975c51c5028947bbcfc24966517aac06a01d6c921e30f7c5383c195f87991", size = 120409, upload-time = "2025-07-29T07:43:18.207Z" },
    { url = "https://files.pythonhosted.org/packages/9f/ea/8b118b69b2ff8df568f742387d1a159bc654a0f78741b31437dd047ea28e/mmh3-5.2.0-cp314-cp314t-manylinux2014_ppc64le.manylinux_2_17_ppc64le.manylinux_2_28_ppc64le.whl", hash = "sha256:5b0b58215befe0f0e120b828f7645e97719bbba9f23b69e268ed0ac7adde8645", size = 125909, upload-time = "2025-07-29T07:43:19.39Z" },
    { url = "https://files.pythonhosted.org/packages/3e/11/168cc0b6a30650032e351a3b89b8a47382da541993a03af91e1ba2501234/mmh3-5.2.0-cp314-cp314t-manylinux2014_s390x.manylinux_2_17_s390x.manylinux_2_28_s390x.whl", hash = "sha256:29c2b9ce61886809d0492a274a5a53047742dea0f703f9c4d5d223c3ea6377d3", size = 135331, upload-time = "2025-07-29T07:43:20.435Z" },
    { url = "https://files.pythonhosted.org/packages/31/05/e3a9849b1c18a7934c64e831492c99e67daebe84a8c2f2c39a7096a830e3/mmh3-5.2.0-cp314-cp314t-musllinux_1_2_aarch64.whl", hash = "sha256:a367d4741ac0103f8198c82f429bccb9359f543ca542b06a51f4f0332e8de279", size = 110085, upload-time = "2025-07-29T07:43:21.92Z" },
    { url = "https://files.pythonhosted.org/packages/d9/d5/a96bcc306e3404601418b2a9a370baec92af84204528ba659fdfe34c242f/mmh3-5.2.0-cp314-cp314t-musllinux_1_2_i686.whl", hash = "sha256:5a5dba98e514fb26241868f6eb90a7f7ca0e039aed779342965ce24ea32ba513", size = 111195, upload-time = "2025-07-29T07:43:23.066Z" },
    { url = "https://files.pythonhosted.org/packages/af/29/0fd49801fec5bff37198684e0849b58e0dab3a2a68382a357cfffb0fafc3/mmh3-5.2.0-cp314-cp314t-musllinux_1_2_ppc64le.whl", hash = "sha256:941603bfd75a46023807511c1ac2f1b0f39cccc393c15039969806063b27e6db", size = 116919, upload-time = "2025-07-29T07:43:24.178Z" },
    { url = "https://files.pythonhosted.org/packages/2d/04/4f3c32b0a2ed762edca45d8b46568fc3668e34f00fb1e0a3b5451ec1281c/mmh3-5.2.0-cp314-cp314t-musllinux_1_2_s390x.whl", hash = "sha256:132dd943451a7c7546978863d2f5a64977928410782e1a87d583cb60eb89e667", size = 123160, upload-time = "2025-07-29T07:43:25.26Z" },
    { url = "https://files.pythonhosted.org/packages/91/76/3d29eaa38821730633d6a240d36fa8ad2807e9dfd432c12e1a472ed211eb/mmh3-5.2.0-cp314-cp314t-musllinux_1_2_x86_64.whl", hash = "sha256:f698733a8a494466432d611a8f0d1e026f5286dee051beea4b3c3146817e35d5", size = 110206, upload-time = "2025-07-29T07:43:26.699Z" },
    { url = "https://files.pythonhosted.org/packages/44/1c/ccf35892684d3a408202e296e56843743e0b4fb1629e59432ea88cdb3909/mmh3-5.2.0-cp314-cp314t-win32.whl", hash = "sha256:6d541038b3fc360ec538fc116de87462627944765a6750308118f8b509a8eec7", size = 41970, upload-time = "2025-07-29T07:43:27.666Z" },
    { url = "https://files.pythonhosted.org/packages/75/b2/b9e4f1e5adb5e21eb104588fcee2cd1eaa8308255173481427d5ecc4284e/mmh3-5.2.0-cp314-cp314t-win_amd64.whl", hash = "sha256:e912b19cf2378f2967d0c08e86ff4c6c360129887f678e27e4dde970d21b3f4d", size = 43063, upload-time = "2025-07-29T07:43:28.582Z" },
    { url = "https://files.pythonhosted.org/packages/6a/fc/0e61d9a4e29c8679356795a40e48f647b4aad58d71bfc969f0f8f56fb912/mmh3-5.2.0-cp314-cp314t-win_arm64.whl", hash = "sha256:e7884931fe5e788163e7b3c511614130c2c59feffdc21112290a194487efb2e9", size = 40455, upload-time = "2025-07-29T07:43:29.563Z" },
]

[[package]]
name = "numpy"
version = "2.3.5"
source = { registry = "https://pypi.org/simple" }
sdist = { url = "https://files.pythonhosted.org/packages/76/65/21b3bc86aac7b8f2862db1e808f1ea22b028e30a225a34a5ede9bf8678f2/numpy-2.3.5.tar.gz", hash = "sha256:784db1dcdab56bf0517743e746dfb0f885fc68d948aba86eeec2cba234bdf1c0", size = 20584950, upload-time = "2025-11-16T22:52:42.067Z" }
wheels = [
    { url = "https://files.pythonhosted.org/packages/44/37/e669fe6cbb2b96c62f6bbedc6a81c0f3b7362f6a59230b23caa673a85721/numpy-2.3.5-cp312-cp312-macosx_10_13_x86_64.whl", hash = "sha256:74ae7b798248fe62021dbf3c914245ad45d1a6b0cb4a29ecb4b31d0bfbc4cc3e", size = 16733873, upload-time = "2025-11-16T22:49:49.84Z" },
    { url = "https://files.pythonhosted.org/packages/c5/65/df0db6c097892c9380851ab9e44b52d4f7ba576b833996e0080181c0c439/numpy-2.3.5-cp312-cp312-macosx_11_0_arm64.whl", hash = "sha256:ee3888d9ff7c14604052b2ca5535a30216aa0a58e948cdd3eeb8d3415f638769", size = 12259838, upload-time = "2025-11-16T22:49:52.863Z" },
    { url = "https://files.pythonhosted.org/packages/5b/e1/1ee06e70eb2136797abe847d386e7c0e830b67ad1d43f364dd04fa50d338/numpy-2.3.5-cp312-cp312-macosx_14_0_arm64.whl", hash = "sha256:612a95a17655e213502f60cfb9bf9408efdc9eb1d5f50535cc6eb365d11b42b5", size = 5088378, upload-time = "2025-11-16T22:49:55.055Z" },
    { url = "https://files.pythonhosted.org/packages/6d/9c/1ca85fb86708724275103b81ec4cf1ac1d08f465368acfc8da7ab545bdae/numpy-2.3.5-cp312-cp312-macosx_14_0_x86_64.whl", hash = "sha256:3101e5177d114a593d79dd79658650fe28b5a0d8abeb8ce6f437c0e6df5be1a4", size = 6628559, upload-time = "2025-11-16T22:49:57.371Z" },
    { url = "https://files.pythonhosted.org/packages/74/78/fcd41e5a0ce4f3f7b003da85825acddae6d7ecb60cf25194741b036ca7d6/numpy-2.3.5-cp312-cp312-manylinux_2_27_aarch64.manylinux_2_28_aarch64.whl", hash = "sha256:8b973c57ff8e184109db042c842423ff4f60446239bd585a5131cc47f06f789d", size = 14250702, upload-time = "2025-11-16T22:49:59.632Z" },
    { url = "https://files.pythonhosted.org/packages/b6/23/2a1b231b8ff672b4c450dac27164a8b2ca7d9b7144f9c02d2396518352eb/numpy-2.3.5-cp312-cp312-manylinux_2_27_x86_64.manylinux_2_28_x86_64.whl", hash = "sha256:0d8163f43acde9a73c2a33605353a4f1bc4798745a8b1d73183b28e5b435ae28", size = 16606086, upload-time = "2025-11-16T22:50:02.127Z" },
    { url = "https://files.pythonhosted.org/packages/a0/c5/5ad26fbfbe2012e190cc7d5003e4d874b88bb18861d0829edc140a713021/numpy-2.3.5-cp312-cp312-musllinux_1_2_aarch64.whl", hash = "sha256:51c1e14eb1e154ebd80e860722f9e6ed6ec89714ad2db2d3aa33c31d7c12179b", size = 16025985, upload-time = "2025-11-16T22:50:04.536Z" },
    { url = "https://files.pythonhosted.org/packages/d2/fa/dd48e225c46c819288148d9d060b047fd2a6fb1eb37eae25112ee4cb4453/numpy-2.3.5-cp312-cp312-musllinux_1_2_x86_64.whl", hash = "sha256:b46b4ec24f7293f23adcd2d146960559aaf8020213de8ad1909dba6c013bf89c", size = 18542976, upload-time = "2025-11-16T22:50:07.557Z" },
    { url = "https://files.pythonhosted.org/packages/05/79/ccbd23a75862d95af03d28b5c6901a1b7da4803181513d52f3b86ed9446e/numpy-2.3.5-cp312-cp312-win32.whl", hash = "sha256:3997b5b3c9a771e157f9aae01dd579ee35ad7109be18db0e85dbdbe1de06e952", size = 6285274, upload-time = "2025-11-16T22:50:10.746Z" },
    { url = "https://files.pythonhosted.org/packages/2d/57/8aeaf160312f7f489dea47ab61e430b5cb051f59a98ae68b7133ce8fa06a/numpy-2.3.5-cp312-cp312-win_amd64.whl", hash = "sha256:86945f2ee6d10cdfd67bcb4069c1662dd711f7e2a4343db5cecec06b87cf31aa", size = 12782922, upload-time = "2025-11-16T22:50:12.811Z" },
    { url = "https://files.pythonhosted.org/packages/78/a6/aae5cc2ca78c45e64b9ef22f089141d661516856cf7c8a54ba434576900d/numpy-2.3.5-cp312-cp312-win_arm64.whl", hash = "sha256:f28620fe26bee16243be2b7b874da327312240a7cdc38b769a697578d2100013", size = 10194667, upload-time = "2025-11-16T22:50:16.16Z" },
    { url = "https://files.pythonhosted.org/packages/db/69/9cde09f36da4b5a505341180a3f2e6fadc352fd4d2b7096ce9778db83f1a/numpy-2.3.5-cp313-cp313-macosx_10_13_x86_64.whl", hash = "sha256:d0f23b44f57077c1ede8c5f26b30f706498b4862d3ff0a7298b8411dd2f043ff", size = 16728251, upload-time = "2025-11-16T22:50:19.013Z" },
    { url = "https://files.pythonhosted.org/packages/79/fb/f505c95ceddd7027347b067689db71ca80bd5ecc926f913f1a23e65cf09b/numpy-2.3.5-cp313-cp313-macosx_11_0_arm64.whl", hash = "sha256:aa5bc7c5d59d831d9773d1170acac7893ce3a5e130540605770ade83280e7188", size = 12254652, upload-time = "2025-11-16T22:50:21.487Z" },
    { url = "https://files.pythonhosted.org/packages/78/da/8c7738060ca9c31b30e9301ee0cf6c5ffdbf889d9593285a1cead337f9a5/numpy-2.3.5-cp313-cp313-macosx_14_0_arm64.whl", hash = "sha256:ccc933afd4d20aad3c00bcef049cb40049f7f196e0397f1109dba6fed63267b0", size = 5083172, upload-time = "2025-11-16T22:50:24.562Z" },
    { url = "https://files.pythonhosted.org/packages/a4/b4/ee5bb2537fb9430fd2ef30a616c3672b991a4129bb1c7dcc42aa0abbe5d7/numpy-2.3.5-cp313-cp313-macosx_14_0_x86_64.whl", hash = "sha256:afaffc4393205524af9dfa400fa250143a6c3bc646c08c9f5e25a9f4b4d6a903", size = 6622990, upload-time = "2025-11-16T22:50:26.47Z" },
    { url = "https://files.pythonhosted.org/packages/95/03/dc0723a013c7d7c19de5ef29e932c3081df1c14ba582b8b86b5de9db7f0f/numpy-2.3.5-cp313-cp313-manylinux_2_27_aarch64.manylinux_2_28_aarch64.whl", hash = "sha256:9c75442b2209b8470d6d5d8b1c25714270686f14c749028d2199c54e29f20b4d", size = 14248902, upload-time = "2025-11-16T22:50:28.861Z" },
    { url = "https://files.pythonhosted.org/packages/f5/10/ca162f45a102738958dcec8023062dad0cbc17d1ab99d68c4e4a6c45fb2b/numpy-2.3.5-cp313-cp313-manylinux_2_27_x86_64.manylinux_2_28_x86_64.whl", hash = "sha256:11e06aa0af8c0f05104d56450d6093ee639e15f24ecf62d417329d06e522e017", size = 16597430, upload-time = "2025-11-16T22:50:31.56Z" },
    { url = "https://files.pythonhosted.org/packages/2a/51/c1e29be863588db58175175f057286900b4b3327a1351e706d5e0f8dd679/numpy-2.3.5-cp313-cp313-musllinux_1_2_aarch64.whl", hash = "sha256:ed89927b86296067b4f81f108a2271d8926467a8868e554eaf370fc27fa3ccaf", size = 16024551, upload-time = "2025-11-16T22:50:34.242Z" },
    { url = "https://files.pythonhosted.org/packages/83/68/8236589d4dbb87253d28259d04d9b814ec0ecce7cb1c7fed29729f4c3a78/numpy-2.3.5-cp313-cp313-musllinux_1_2_x86_64.whl", hash = "sha256:51c55fe3451421f3a6ef9a9c1439e82101c57a2c9eab9feb196a62b1a10b58ce", size = 18533275, upload-time = "2025-11-16T22:50:37.651Z" },
    { url = "https://files.pythonhosted.org/packages/40/56/2932d75b6f13465239e3b7b7e511be27f1b8161ca2510854f0b6e521c395/numpy-2.3.5-cp313-cp313-win32.whl", hash = "sha256:1978155dd49972084bd6ef388d66ab70f0c323ddee6f693d539376498720fb7e", size = 6277637, upload-time = "2025-11-16T22:50:40.11Z" },
    { url = "https://files.pythonhosted.org/packages/0c/88/e2eaa6cffb115b85ed7c7c87775cb8bcf0816816bc98ca8dbfa2ee33fe6e/numpy-2.3.5-cp313-cp313-win_amd64.whl", hash = "sha256:00dc4e846108a382c5869e77c6ed514394bdeb3403461d25a829711041217d5b", size = 12779090, upload-time = "2025-11-16T22:50:42.503Z" },
    { url = "https://files.pythonhosted.org/packages/8f/88/3f41e13a44ebd4034ee17baa384acac29ba6a4fcc2aca95f6f08ca0447d1/numpy-2.3.5-cp313-cp313-win_arm64.whl", hash = "sha256:0472f11f6ec23a74a906a00b48a4dcf3849209696dff7c189714511268d103ae", size = 10194710, upload-time = "2025-11-16T22:50:44.971Z" },
    { url = "https://files.pythonhosted.org/packages/13/cb/71744144e13389d577f867f745b7df2d8489463654a918eea2eeb166dfc9/numpy-2.3.5-cp313-cp313t-macosx_10_13_x86_64.whl", hash = "sha256:414802f3b97f3c1eef41e530aaba3b3c1620649871d8cb38c6eaff034c2e16bd", size = 16827292, upload-time = "2025-11-16T22:50:47.715Z" },
    { url = "https://files.pythonhosted.org/packages/71/80/ba9dc6f2a4398e7f42b708a7fdc841bb638d353be255655498edbf9a15a8/numpy-2.3.5-cp313-cp313t-macosx_11_0_arm64.whl", hash = "sha256:5ee6609ac3604fa7780e30a03e5e241a7956f8e2fcfe547d51e3afa5247ac47f", size = 12378897, upload-time = "2025-11-16T22:50:51.327Z" },
    { url = "https://files.pythonhosted.org/packages/2e/6d/db2151b9f64264bcceccd51741aa39b50150de9b602d98ecfe7e0c4bff39/numpy-2.3.5-cp313-cp313t-macosx_14_0_arm64.whl", hash = "sha256:86d835afea1eaa143012a2d7a3f45a3adce2d7adc8b4961f0b362214d800846a", size = 5207391, upload-time = "2025-11-16T22:50:54.542Z" },
    { url = "https://files.pythonhosted.org/packages/80/ae/429bacace5ccad48a14c4ae5332f6aa8ab9f69524193511d60ccdfdc65fa/numpy-2.3.5-cp313-cp313t-macosx_14_0_x86_64.whl", hash = "sha256:30bc11310e8153ca664b14c5f1b73e94bd0503681fcf136a163de856f3a50139", size = 6721275, upload-time = "2025-11-16T22:50:56.794Z" },
    { url = "https://files.pythonhosted.org/packages/74/5b/1919abf32d8722646a38cd527bc3771eb229a32724ee6ba340ead9b92249/numpy-2.3.5-cp313-cp313t-manylinux_2_27_aarch64.manylinux_2_28_aarch64.whl", hash = "sha256:1062fde1dcf469571705945b0f221b73928f34a20c904ffb45db101907c3454e", size = 14306855, upload-time = "2025-11-16T22:50:59.208Z" },
    { url = "https://files.pythonhosted.org/packages/a5/87/6831980559434973bebc30cd9c1f21e541a0f2b0c280d43d3afd909b66d0/numpy-2.3.5-cp313-cp313t-manylinux_2_27_x86_64.manylinux_2_28_x86_64.whl", hash = "sha256:ce581db493ea1a96c0556360ede6607496e8bf9b3a8efa66e06477267bc831e9", size = 16657359, upload-time = "2025-11-16T22:51:01.991Z" },
    { url = "https://files.pythonhosted.org/packages/dd/91/c797f544491ee99fd00495f12ebb7802c440c1915811d72ac5b4479a3356/numpy-2.3.5-cp313-cp313t-musllinux_1_2_aarch64.whl", hash = "sha256:cc8920d2ec5fa99875b670bb86ddeb21e295cb07aa331810d9e486e0b969d946", size = 16093374, upload-time = "2025-11-16T22:51:05.291Z" },
    { url = "https://files.pythonhosted.org/packages/74/a6/54da03253afcbe7a72785ec4da9c69fb7a17710141ff9ac5fcb2e32dbe64/numpy-2.3.5-cp313-cp313t-musllinux_1_2_x86_64.whl", hash = "sha256:9ee2197ef8c4f0dfe405d835f3b6a14f5fee7782b5de51ba06fb65fc9b36e9f1", size = 18594587, upload-time = "2025-11-16T22:51:08.585Z" },
    { url = "https://files.pythonhosted.org/packages/80/e9/aff53abbdd41b0ecca94285f325aff42357c6b5abc482a3fcb4994290b18/numpy-2.3.5-cp313-cp313t-win32.whl", hash = "sha256:70b37199913c1bd300ff6e2693316c6f869c7ee16378faf10e4f5e3275b299c3", size = 6405940, upload-time = "2025-11-16T22:51:11.541Z" },
    { url = "https://files.pythonhosted.org/packages/d5/81/50613fec9d4de5480de18d4f8ef59ad7e344d497edbef3cfd80f24f98461/numpy-2.3.5-cp313-cp313t-win_amd64.whl", hash = "sha256:b501b5fa195cc9e24fe102f21ec0a44dffc231d2af79950b451e0d99cea02234", size = 12920341, upload-time = "2025-11-16T22:51:14.312Z" },
    { url = "https://files.pythonhosted.org/packages/bb/ab/08fd63b9a74303947f34f0bd7c5903b9c5532c2d287bead5bdf4c556c486/numpy-2.3.5-cp313-cp313t-win_arm64.whl", hash = "sha256:a80afd79f45f3c4a7d341f13acbe058d1ca8ac017c165d3fa0d3de6bc1a079d7", size = 10262507, upload-time = "2025-11-16T22:51:16.846Z" },
    { url = "https://files.pythonhosted.org/packages/ba/97/1a914559c19e32d6b2e233cf9a6a114e67c856d35b1d6babca571a3e880f/numpy-2.3.5-cp314-cp314-macosx_10_15_x86_64.whl", hash = "sha256:bf06bc2af43fa8d32d30fae16ad965663e966b1a3202ed407b84c989c3221e82", size = 16735706, upload-time = "2025-11-16T22:51:19.558Z" },
    { url = "https://files.pythonhosted.org/packages/57/d4/51233b1c1b13ecd796311216ae417796b88b0616cfd8a33ae4536330748a/numpy-2.3.5-cp314-cp314-macosx_11_0_arm64.whl", hash = "sha256:052e8c42e0c49d2575621c158934920524f6c5da05a1d3b9bab5d8e259e045f0", size = 12264507, upload-time = "2025-11-16T22:51:22.492Z" },
    { url = "https://files.pythonhosted.org/packages/45/98/2fe46c5c2675b8306d0b4a3ec3494273e93e1226a490f766e84298576956/numpy-2.3.5-cp314-cp314-macosx_14_0_arm64.whl", hash = "sha256:1ed1ec893cff7040a02c8aa1c8611b94d395590d553f6b53629a4461dc7f7b63", size = 5093049, upload-time = "2025-11-16T22:51:25.171Z" },
    { url = "https://files.pythonhosted.org/packages/ce/0e/0698378989bb0ac5f1660c81c78ab1fe5476c1a521ca9ee9d0710ce54099/numpy-2.3.5-cp314-cp314-macosx_14_0_x86_64.whl", hash = "sha256:2dcd0808a421a482a080f89859a18beb0b3d1e905b81e617a188bd80422d62e9", size = 6626603, upload-time = "2025-11-16T22:51:27Z" },
    { url = "https://files.pythonhosted.org/packages/5e/a6/9ca0eecc489640615642a6cbc0ca9e10df70df38c4d43f5a928ff18d8827/numpy-2.3.5-cp314-cp314-manylinux_2_27_aarch64.manylinux_2_28_aarch64.whl", hash = "sha256:727fd05b57df37dc0bcf1a27767a3d9a78cbbc92822445f32cc3436ba797337b", size = 14262696, upload-time = "2025-11-16T22:51:29.402Z" },
    { url = "https://files.pythonhosted.org/packages/c8/f6/07ec185b90ec9d7217a00eeeed7383b73d7e709dae2a9a021b051542a708/numpy-2.3.5-cp314-cp314-manylinux_2_27_x86_64.manylinux_2_28_x86_64.whl", hash = "sha256:fffe29a1ef00883599d1dc2c51aa2e5d80afe49523c261a74933df395c15c520", size = 16597350, upload-time = "2025-11-16T22:51:32.167Z" },
    { url = "https://files.pythonhosted.org/packages/75/37/164071d1dde6a1a84c9b8e5b414fa127981bad47adf3a6b7e23917e52190/numpy-2.3.5-cp314-cp314-musllinux_1_2_aarch64.whl", hash = "sha256:8f7f0e05112916223d3f438f293abf0727e1181b5983f413dfa2fefc4098245c", size = 16040190, upload-time = "2025-11-16T22:51:35.403Z" },
    { url = "https://files.pythonhosted.org/packages/08/3c/f18b82a406b04859eb026d204e4e1773eb41c5be58410f41ffa511d114ae/numpy-2.3.5-cp314-cp314-musllinux_1_2_x86_64.whl", hash = "sha256:2e2eb32ddb9ccb817d620ac1d8dae7c3f641c1e5f55f531a33e8ab97960a75b8", size = 18536749, upload-time = "2025-11-16T22:51:39.698Z" },
    { url = "https://files.pythonhosted.org/packages/40/79/f82f572bf44cf0023a2fe8588768e23e1592585020d638999f15158609e1/numpy-2.3.5-cp314-cp314-win32.whl", hash = "sha256:66f85ce62c70b843bab1fb14a05d5737741e74e28c7b8b5a064de10142fad248", size = 6335432, upload-time = "2025-11-16T22:51:42.476Z" },
    { url = "https://files.pythonhosted.org/packages/a3/2e/235b4d96619931192c91660805e5e49242389742a7a82c27665021db690c/numpy-2.3.5-cp314-cp314-win_amd64.whl", hash = "sha256:e6a0bc88393d65807d751a614207b7129a310ca4fe76a74e5c7da5fa5671417e", size = 12919388, upload-time = "2025-11-16T22:51:45.275Z" },
    { url = "https://files.pythonhosted.org/packages/07/2b/29fd75ce45d22a39c61aad74f3d718e7ab67ccf839ca8b60866054eb15f8/numpy-2.3.5-cp314-cp314-win_arm64.whl", hash = "sha256:aeffcab3d4b43712bb7a60b65f6044d444e75e563ff6180af8f98dd4b905dfd2", size = 10476651, upload-time = "2025-11-16T22:51:47.749Z" },
    { url = "https://files.pythonhosted.org/packages/17/e1/f6a721234ebd4d87084cfa68d081bcba2f5cfe1974f7de4e0e8b9b2a2ba1/numpy-2.3.5-cp314-cp314t-macosx_10_15_x86_64.whl", hash = "sha256:17531366a2e3a9e30762c000f2c43a9aaa05728712e25c11ce1dbe700c53ad41", size = 16834503, upload-time = "2025-11-16T22:51:50.443Z" },
    { url = "https://files.pythonhosted.org/packages/5c/1c/baf7ffdc3af9c356e1c135e57ab7cf8d247931b9554f55c467efe2c69eff/numpy-2.3.5-cp314-cp314t-macosx_11_0_arm64.whl", hash = "sha256:d21644de1b609825ede2f48be98dfde4656aefc713654eeee280e37cadc4e0ad", size = 12381612, upload-time = "2025-11-16T22:51:53.609Z" },
    { url = "https://files.pythonhosted.org/packages/74/91/f7f0295151407ddc9ba34e699013c32c3c91944f9b35fcf9281163dc1468/numpy-2.3.5-cp314-cp314t-macosx_14_0_arm64.whl", hash = "sha256:c804e3a5aba5460c73955c955bdbd5c08c354954e9270a2c1565f62e866bdc39", size = 5210042, upload-time = "2025-11-16T22:51:56.213Z" },
    { url = "https://files.pythonhosted.org/packages/2e/3b/78aebf345104ec50dd50a4d06ddeb46a9ff5261c33bcc58b1c4f12f85ec2/numpy-2.3.5-cp314-cp314t-macosx_14_0_x86_64.whl", hash = "sha256:cc0a57f895b96ec78969c34f682c602bf8da1a0270b09bc65673df2e7638ec20", size = 6724502, upload-time = "2025-11-16T22:51:58.584Z" },
    { url = "https://files.pythonhosted.org/packages/02/c6/7c34b528740512e57ef1b7c8337ab0b4f0bddf34c723b8996c675bc2bc91/numpy-2.3.5-cp314-cp314t-manylinux_2_27_aarch64.manylinux_2_28_aarch64.whl", hash = "sha256:900218e456384ea676e24ea6a0417f030a3b07306d29d7ad843957b40a9d8d52", size = 14308962, upload-time = "2025-11-16T22:52:01.698Z" },
    { url = "https://files.pythonhosted.org/packages/80/35/09d433c5262bc32d725bafc619e095b6a6651caf94027a03da624146f655/numpy-2.3.5-cp314-cp314t-manylinux_2_27_x86_64.manylinux_2_28_x86_64.whl", hash = "sha256:09a1bea522b25109bf8e6f3027bd810f7c1085c64a0c7ce050c1676ad0ba010b", size = 16655054, upload-time = "2025-11-16T22:52:04.267Z" },
    { url = "https://files.pythonhosted.org/packages/7a/ab/6a7b259703c09a88804fa2430b43d6457b692378f6b74b356155283566ac/numpy-2.3.5-cp314-cp314t-musllinux_1_2_aarch64.whl", hash = "sha256:04822c00b5fd0323c8166d66c701dc31b7fbd252c100acd708c48f763968d6a3", size = 16091613, upload-time = "2025-11-16T22:52:08.651Z" },
    { url = "https://files.pythonhosted.org/packages/c2/88/330da2071e8771e60d1038166ff9d73f29da37b01ec3eb43cb1427464e10/numpy-2.3.5-cp314-cp314t-musllinux_1_2_x86_64.whl", hash = "sha256:d6889ec4ec662a1a37eb4b4fb26b6100841804dac55bd9df579e326cdc146227", size = 18591147, upload-time = "2025-11-16T22:52:11.453Z" },
    { url = "https://files.pythonhosted.org/packages/51/41/851c4b4082402d9ea860c3626db5d5df47164a712cb23b54be028b184c1c/numpy-2.3.5-cp314-cp314t-win32.whl", hash = "sha256:93eebbcf1aafdf7e2ddd44c2923e2672e1010bddc014138b229e49725b4d6be5", size = 6479806, upload-time = "2025-11-16T22:52:14.641Z" },
    { url = "https://files.pythonhosted.org/packages/90/30/d48bde1dfd93332fa557cff1972fbc039e055a52021fbef4c2c4b1eefd17/numpy-2.3.5-cp314-cp314t-win_amd64.whl", hash = "sha256:c8a9958e88b65c3b27e22ca2a076311636850b612d6bbfb76e8d156aacde2aaf", size = 13105760, upload-time = "2025-11-16T22:52:17.975Z" },
    { url = "https://files.pythonhosted.org/packages/2d/fd/4b5eb0b3e888d86aee4d198c23acec7d214baaf17ea93c1adec94c9518b9/numpy-2.3.5-cp314-cp314t-win_arm64.whl", hash = "sha256:6203fdf9f3dc5bdaed7319ad8698e685c7a3be10819f41d32a0723e611733b42", size = 10545459, upload-time = "2025-11-16T22:52:20.55Z" },
]

[[package]]
name = "psycopg"
version = "3.3.2"
source = { registry = "https://pypi.org/simple" }
dependencies = [
    { name = "typing-extensions", marker = "python_full_version < '3.13'" },
    { name = "tzdata", marker = "sys_platform == 'win32'" },
]
sdist = { url = "https://files.pythonhosted.org/packages/e0/1a/7d9ef4fdc13ef7f15b934c393edc97a35c281bb7d3c3329fbfcbe915a7c2/psycopg-3.3.2.tar.gz", hash = "sha256:707a67975ee214d200511177a6a80e56e654754c9afca06a7194ea6bbfde9ca7", size = 165630, upload-time = "2025-12-06T17:34:53.899Z" }
wheels = [
    { url = "https://files.pythonhosted.org/packages/8c/51/2779ccdf9305981a06b21a6b27e8547c948d85c41c76ff434192784a4c93/psycopg-3.3.2-py3-none-any.whl", hash = "sha256:3e94bc5f4690247d734599af56e51bae8e0db8e4311ea413f801fef82b14a99b", size = 212774, upload-time = "2025-12-06T17:31:41.414Z" },
]

[[package]]
name = "py4j"
version = "0.10.9.9"
source = { registry = "https://pypi.org/simple" }
sdist = { url = "https://files.pythonhosted.org/packages/38/31/0b210511177070c8d5d3059556194352e5753602fa64b85b7ab81ec1a009/py4j-0.10.9.9.tar.gz", hash = "sha256:f694cad19efa5bd1dee4f3e5270eb406613c974394035e5bfc4ec1aba870b879", size = 761089, upload-time = "2025-01-15T03:53:18.624Z" }
wheels = [
    { url = "https://files.pythonhosted.org/packages/bd/db/ea0203e495be491c85af87b66e37acfd3bf756fd985f87e46fc5e3bf022c/py4j-0.10.9.9-py2.py3-none-any.whl", hash = "sha256:c7c26e4158defb37b0bb124933163641a2ff6e3a3913f7811b0ddbe07ed61533", size = 203008, upload-time = "2025-01-15T03:53:15.648Z" },
]

[[package]]
name = "pyspark"
version = "4.1.0"
source = { registry = "https://pypi.org/simple" }
dependencies = [
    { name = "py4j" },
]
sdist = { url = "https://files.pythonhosted.org/packages/88/0d/f280cbd070e424008f370c068c6a371e0cbb902e33d9709b01e97d479b01/pyspark-4.1.0.tar.gz", hash = "sha256:09c714ada88dfac3e1213c066617c6f473c1e22fbe279855028f77e12434147d", size = 455337789, upload-time = "2025-12-16T12:30:47.141Z" }

[[package]]
name = "tqdm"
version = "4.67.1"
source = { registry = "https://pypi.org/simple" }
dependencies = [
    { name = "colorama", marker = "sys_platform == 'win32'" },
]
sdist = { url = "https://files.pythonhosted.org/packages/a8/4b/29b4ef32e036bb34e4ab51796dd745cdba7ed47ad142a9f4a1eb8e0c744d/tqdm-4.67.1.tar.gz", hash = "sha256:f8aef9c52c08c13a65f30ea34f4e5aac3fd1a34959879d7e59e63027286627f2", size = 169737, upload-time = "2024-11-24T20:12:22.481Z" }
wheels = [
    { url = "https://files.pythonhosted.org/packages/d0/30/dc54f88dd4a2b5dc8a0279bdd7270e735851848b762aeb1c1184ed1f6b14/tqdm-4.67.1-py3-none-any.whl", hash = "sha256:26445eca388f82e72884e0d580d5464cd801a3ea01e63e5601bdff9ba6a48de2", size = 78540, upload-time = "2024-11-24T20:12:19.698Z" },
]

[[package]]
name = "typing-extensions"
version = "4.15.0"
source = { registry = "https://pypi.org/simple" }
sdist = { url = "https://files.pythonhosted.org/packages/72/94/1a15dd82efb362ac84269196e94cf00f187f7ed21c242792a923cdb1c61f/typing_extensions-4.15.0.tar.gz", hash = "sha256:0cea48d173cc12fa28ecabc3b837ea3cf6f38c6d1136f85cbaaf598984861466", size = 109391, upload-time = "2025-08-25T13:49:26.313Z" }
wheels = [
    { url = "https://files.pythonhosted.org/packages/18/67/36e9267722cc04a6b9f15c7f3441c2363321a3ea07da7ae0c0707beb2a9c/typing_extensions-4.15.0-py3-none-any.whl", hash = "sha256:f0fa19c6845758ab08074a0cfa8b7aecb71c999ca73d62883bc25cc018c4e548", size = 44614, upload-time = "2025-08-25T13:49:24.86Z" },
]

[[package]]
name = "tzdata"
version = "2025.3"
source = { registry = "https://pypi.org/simple" }
sdist = { url = "https://files.pythonhosted.org/packages/5e/a7/c202b344c5ca7daf398f3b8a477eeb205cf3b6f32e7ec3a6bac0629ca975/tzdata-2025.3.tar.gz", hash = "sha256:de39c2ca5dc7b0344f2eba86f49d614019d29f060fc4ebc8a417896a620b56a7", size = 196772, upload-time = "2025-12-13T17:45:35.667Z" }
wheels = [
    { url = "https://files.pythonhosted.org/packages/c7/b0/003792df09decd6849a5e39c28b513c06e84436a54440380862b5aeff25d/tzdata-2025.3-py2.py3-none-any.whl", hash = "sha256:06a47e5700f3081aab02b2e513160914ff0694bce9947d6b76ebd6bf57cfc5d1", size = 348521, upload-time = "2025-12-13T17:45:33.889Z" },
]
